
Microsoft Visual Studio Solution File, Format Version 12.00
# Visual Studio Version 16
VisualStudioVersion = 16.0.29519.87
MinimumVisualStudioVersion = 10.0.40219.1
Project("{FAE04EC0-301F-11D3-BF4B-00C04F79EFBC}") = "Pedidos", "Pedidos\Pedidos.csproj", "{C7421850-D43E-4A1B-A4BC-55E2DC659873}"
EndProject
Global
	GlobalSection(SolutionConfigurationPlatforms) = preSolution
		Debug|Any CPU = Debug|Any CPU
		Release|Any CPU = Release|Any CPU
	EndGlobalSection
	GlobalSection(ProjectConfigurationPlatforms) = postSolution
		{C7421850-D43E-4A1B-A4BC-55E2DC659873}.Debug|Any CPU.ActiveCfg = Debug|Any CPU
		{C7421850-D43E-4A1B-A4BC-55E2DC659873}.Debug|Any CPU.Build.0 = Debug|Any CPU
		{C7421850-D43E-4A1B-A4BC-55E2DC659873}.Release|Any CPU.ActiveCfg = Release|Any CPU
		{C7421850-D43E-4A1B-A4BC-55E2DC659873}.Release|Any CPU.Build.0 = Release|Any CPU
	EndGlobalSection
	GlobalSection(SolutionProperties) = preSolution
		HideSolutionNode = FALSE
	EndGlobalSection
	GlobalSection(ExtensibilityGlobals) = postSolution
		SolutionGuid = {A9A28715-0C72-40C5-9C64-F27B19C70594}
	EndGlobalSection
EndGlobal
